
Microsoft Visual Studio Solution File, Format Version 12.00
# Visual Studio 15
VisualStudioVersion = 15.0.28010.2003
MinimumVisualStudioVersion = 10.0.40219.1
Project("{8BC9CEB8-8B4A-11D0-8D11-00A0C91BC942}") = "Magshimim_EX8 mid project", "Magshimim_EX8 mid project\Magshimim_EX8 mid project.vcxproj", "{C0B1D35E-55E4-40BA-B27D-F143C0955025}"
EndProject
Global
	GlobalSection(SolutionConfigurationPlatforms) = preSolution
		Debug|x64 = Debug|x64
		Debug|x86 = Debug|x86
		Release|x64 = Release|x64
		Release|x86 = Release|x86
	EndGlobalSection
	GlobalSection(ProjectConfigurationPlatforms) = postSolution
		{C0B1D35E-55E4-40BA-B27D-F143C0955025}.Debug|x64.ActiveCfg = Debug|x64
		{C0B1D35E-55E4-40BA-B27D-F143C0955025}.Debug|x64.Build.0 = Debug|x64
		{C0B1D35E-55E4-40BA-B27D-F143C0955025}.Debug|x86.ActiveCfg = Debug|Win32
		{C0B1D35E-55E4-40BA-B27D-F143C0955025}.Debug|x86.Build.0 = Debug|Win32
		{C0B1D35E-55E4-40BA-B27D-F143C0955025}.Release|x64.ActiveCfg = Release|x64
		{C0B1D35E-55E4-40BA-B27D-F143C0955025}.Release|x64.Build.0 = Release|x64
		{C0B1D35E-55E4-40BA-B27D-F143C0955025}.Release|x86.ActiveCfg = Release|Win32
		{C0B1D35E-55E4-40BA-B27D-F143C0955025}.Release|x86.Build.0 = Release|Win32
	EndGlobalSection
	GlobalSection(SolutionProperties) = preSolution
		HideSolutionNode = FALSE
	EndGlobalSection
	GlobalSection(ExtensibilityGlobals) = postSolution
		SolutionGuid = {AB97BB4F-C81F-4526-8D99-DF3952925985}
	EndGlobalSection
EndGlobal
